
Microsoft Visual Studio Solution File, Format Version 12.00
# Visual Studio Version 17
VisualStudioVersion = 17.6.33815.320
MinimumVisualStudioVersion = 10.0.40219.1
Project("{8BC9CEB8-8B4A-11D0-8D11-00A0C91BC942}") = "BLUE.SOULS", "BLUE.SOULS\BLUE.SOULS.vcxproj", "{00F870DA-CB95-4FB0-8C7F-5C43557E85ED}"
EndProject
Global
	GlobalSection(SolutionConfigurationPlatforms) = preSolution
		Debug|x64 = Debug|x64
		Debug|x86 = Debug|x86
		Release|x64 = Release|x64
		Release|x86 = Release|x86
	EndGlobalSection
	GlobalSection(ProjectConfigurationPlatforms) = postSolution
		{00F870DA-CB95-4FB0-8C7F-5C43557E85ED}.Debug|x64.ActiveCfg = Debug|x64
		{00F870DA-CB95-4FB0-8C7F-5C43557E85ED}.Debug|x64.Build.0 = Debug|x64
		{00F870DA-CB95-4FB0-8C7F-5C43557E85ED}.Debug|x86.ActiveCfg = Debug|Win32
		{00F870DA-CB95-4FB0-8C7F-5C43557E85ED}.Debug|x86.Build.0 = Debug|Win32
		{00F870DA-CB95-4FB0-8C7F-5C43557E85ED}.Release|x64.ActiveCfg = Release|x64
		{00F870DA-CB95-4FB0-8C7F-5C43557E85ED}.Release|x64.Build.0 = Release|x64
		{00F870DA-CB95-4FB0-8C7F-5C43557E85ED}.Release|x86.ActiveCfg = Release|Win32
		{00F870DA-CB95-4FB0-8C7F-5C43557E85ED}.Release|x86.Build.0 = Release|Win32
	EndGlobalSection
	GlobalSection(SolutionProperties) = preSolution
		HideSolutionNode = FALSE
	EndGlobalSection
	GlobalSection(ExtensibilityGlobals) = postSolution
		SolutionGuid = {12969256-03AB-4E5A-A2D5-124C008C3B01}
	EndGlobalSection
EndGlobal
